PODS:
  - BlueSocket (1.0.52)
  - RubegProtocol-v2.0 (0.1.3):
    - BlueSocket (~> 1.0.46)
  - Swinject (2.7.1)

DEPENDENCIES:
  - BlueSocket (~> 1.0.46)
  - RubegProtocol-v2.0 (~> 0.1.3)
  - Swinject

SPEC REPOS:
  https://github.com/CocoaPods/Specs.git:
    - BlueSocket
    - Swinject
  https://gitlab.com/rubeg-npo/rubeg-cocoapods.git:
    - RubegProtocol-v2.0

SPEC CHECKSUMS:
  BlueSocket: 1acd943acb07b55905291d608649fcfbf8cbd57d
  RubegProtocol-v2.0: 218dd54e16b89e041c244399b0baac33339b5950
  Swinject: ddf78b8486dd9b71a667b852cad919ab4484478e

PODFILE CHECKSUM: ae0f03f24d62ae801c339d77d9b90fb877ebc539

COCOAPODS: 1.9.3
