PODS:
  - BlueSocket (1.0.52)
  - RubegProtocol-v2.0 (0.1.4):
    - BlueSocket (~> 1.0.46)
  - Swinject (2.7.1)

DEPENDENCIES:
  - BlueSocket (~> 1.0.46)
  - RubegProtocol-v2.0 (~> 0.1.4)
  - Swinject

SPEC REPOS:
  https://github.com/CocoaPods/Specs.git:
    - BlueSocket
    - Swinject
  https://gitlab.com/rubeg-npo/rubeg-cocoapods.git:
    - RubegProtocol-v2.0

SPEC CHECKSUMS:
  BlueSocket: 1acd943acb07b55905291d608649fcfbf8cbd57d
  RubegProtocol-v2.0: b28ab190ca903e5882f7d30b4c27f3195797de50
  Swinject: ddf78b8486dd9b71a667b852cad919ab4484478e

PODFILE CHECKSUM: bf665b3a13556c94443882bf2bfd0d418d80c45c

COCOAPODS: 1.9.3
