PODS:
  - BlueSocket (1.0.52)
  - MaterialComponents/AnimationTiming (107.4.0)
  - MaterialComponents/Availability (107.4.0)
  - MaterialComponents/private/Math (107.4.0)
  - "MaterialComponents/private/TextControlsPrivate+BaseStyle (107.4.0)":
    - MaterialComponents/AnimationTiming
    - MaterialComponents/private/Math
    - "MaterialComponents/private/TextControlsPrivate+Shared"
  - "MaterialComponents/private/TextControlsPrivate+FilledStyle (107.4.0)":
    - MaterialComponents/AnimationTiming
    - MaterialComponents/Availability
    - MaterialComponents/private/Math
    - "MaterialComponents/private/TextControlsPrivate+Shared"
  - "MaterialComponents/private/TextControlsPrivate+OutlinedStyle (107.4.0)":
    - MaterialComponents/AnimationTiming
    - MaterialComponents/Availability
    - MaterialComponents/private/Math
    - "MaterialComponents/private/TextControlsPrivate+Shared"
  - "MaterialComponents/private/TextControlsPrivate+Shared (107.4.0)":
    - MaterialComponents/AnimationTiming
    - MaterialComponents/private/Math
    - "MaterialComponents/TextControls+Enums"
  - "MaterialComponents/TextControls+BaseTextAreas (107.4.0)":
    - "MaterialComponents/private/TextControlsPrivate+BaseStyle"
    - "MaterialComponents/private/TextControlsPrivate+Shared"
    - MDFInternationalization
  - "MaterialComponents/TextControls+BaseTextFields (107.4.0)":
    - "MaterialComponents/private/TextControlsPrivate+BaseStyle"
    - "MaterialComponents/private/TextControlsPrivate+Shared"
    - MDFInternationalization
  - "MaterialComponents/TextControls+Enums (107.4.0)"
  - "MaterialComponents/TextControls+FilledTextAreas (107.4.0)":
    - MaterialComponents/Availability
    - "MaterialComponents/private/TextControlsPrivate+FilledStyle"
    - "MaterialComponents/TextControls+BaseTextAreas"
  - "MaterialComponents/TextControls+FilledTextFields (107.4.0)":
    - MaterialComponents/Availability
    - "MaterialComponents/private/TextControlsPrivate+FilledStyle"
    - "MaterialComponents/TextControls+BaseTextFields"
  - "MaterialComponents/TextControls+OutlinedTextAreas (107.4.0)":
    - MaterialComponents/Availability
    - "MaterialComponents/private/TextControlsPrivate+OutlinedStyle"
    - "MaterialComponents/TextControls+BaseTextAreas"
  - "MaterialComponents/TextControls+OutlinedTextFields (107.4.0)":
    - MaterialComponents/Availability
    - "MaterialComponents/private/TextControlsPrivate+OutlinedStyle"
    - "MaterialComponents/TextControls+BaseTextFields"
  - MDFInternationalization (2.0.0)
  - RubegProtocol-v2.0 (0.1.2):
    - BlueSocket (~> 1.0.46)
  - Swinject (2.7.1)

DEPENDENCIES:
  - BlueSocket (~> 1.0.46)
  - "MaterialComponents/TextControls+FilledTextAreas"
  - "MaterialComponents/TextControls+FilledTextFields"
  - "MaterialComponents/TextControls+OutlinedTextAreas"
  - "MaterialComponents/TextControls+OutlinedTextFields"
  - RubegProtocol-v2.0 (~> 0.1.2)
  - Swinject

SPEC REPOS:
  https://github.com/CocoaPods/Specs.git:
    - BlueSocket
    - MaterialComponents
    - MDFInternationalization
    - Swinject
  https://gitlab.com/rubeg-npo/rubeg-cocoapods.git:
    - RubegProtocol-v2.0

SPEC CHECKSUMS:
  BlueSocket: 1acd943acb07b55905291d608649fcfbf8cbd57d
  MaterialComponents: 52e2ade4684e3017eff7f62587b37522d217ea50
  MDFInternationalization: 010097556d6b09d2c4ea38e0820ea6d37be6a314
  RubegProtocol-v2.0: a96c3de96885caae227a953e66684be24bfbf8f0
  Swinject: ddf78b8486dd9b71a667b852cad919ab4484478e

PODFILE CHECKSUM: dd9896e61e440c612c17f8343ec7d57c7ac233f6

COCOAPODS: 1.9.3
